
Microsoft Visual Studio Solution File, Format Version 12.00
# Visual Studio Version 17
VisualStudioVersion = 17.6.33723.286
MinimumVisualStudioVersion = 10.0.40219.1
Project("{9A19103F-16F7-4668-BE54-9A1E7A4F7556}") = "ServerApiContainer", "ServerApiContainer\ServerApiContainer.csproj", "{752F18B0-479D-467F-B42F-F2B90637BED3}"
EndProject
Project("{2150E333-8FDC-42A3-9474-1A3956D46DE8}") = "Solution Items", "Solution Items", "{A1EEFF1A-5E82-4FFC-BCBB-19FA97983399}"
EndProject
Project("{2150E333-8FDC-42A3-9474-1A3956D46DE8}") = "DevOps", "DevOps", "{9A512570-1167-409A-A8C2-45527844AB8A}"
EndProject
Global
	GlobalSection(SolutionConfigurationPlatforms) = preSolution
		Debug|Any CPU = Debug|Any CPU
		Release|Any CPU = Release|Any CPU
	EndGlobalSection
	GlobalSection(ProjectConfigurationPlatforms) = postSolution
		{752F18B0-479D-467F-B42F-F2B90637BED3}.Debug|Any CPU.ActiveCfg = Debug|Any CPU
		{752F18B0-479D-467F-B42F-F2B90637BED3}.Debug|Any CPU.Build.0 = Debug|Any CPU
		{752F18B0-479D-467F-B42F-F2B90637BED3}.Release|Any CPU.ActiveCfg = Release|Any CPU
		{752F18B0-479D-467F-B42F-F2B90637BED3}.Release|Any CPU.Build.0 = Release|Any CPU
	EndGlobalSection
	GlobalSection(SolutionProperties) = preSolution
		HideSolutionNode = FALSE
	EndGlobalSection
	GlobalSection(NestedProjects) = preSolution
		{9A512570-1167-409A-A8C2-45527844AB8A} = {A1EEFF1A-5E82-4FFC-BCBB-19FA97983399}
	EndGlobalSection
	GlobalSection(ExtensibilityGlobals) = postSolution
		SolutionGuid = {D459B225-C821-4911-84DD-71CEB05CD845}
	EndGlobalSection
EndGlobal
